
Microsoft Visual Studio Solution File, Format Version 12.00
# Visual Studio 14
VisualStudioVersion = 14.0.25420.1
MinimumVisualStudioVersion = 10.0.40219.1
Project("{FAE04EC0-301F-11D3-BF4B-00C04F79EFBC}") = "DEV-2", "DEV-2\DEV-2.csproj", "{FFBEB4A1-9908-45CD-8EB6-DC297A8E357F}"
EndProject
Global
	GlobalSection(SolutionConfigurationPlatforms) = preSolution
		Debug|Any CPU = Debug|Any CPU
		Release|Any CPU = Release|Any CPU
	EndGlobalSection
	GlobalSection(ProjectConfigurationPlatforms) = postSolution
		{FFBEB4A1-9908-45CD-8EB6-DC297A8E357F}.Debug|Any CPU.ActiveCfg = Debug|Any CPU
		{FFBEB4A1-9908-45CD-8EB6-DC297A8E357F}.Debug|Any CPU.Build.0 = Debug|Any CPU
		{FFBEB4A1-9908-45CD-8EB6-DC297A8E357F}.Release|Any CPU.ActiveCfg = Release|Any CPU
		{FFBEB4A1-9908-45CD-8EB6-DC297A8E357F}.Release|Any CPU.Build.0 = Release|Any CPU
	EndGlobalSection
	GlobalSection(SolutionProperties) = preSolution
		HideSolutionNode = FALSE
	EndGlobalSection
EndGlobal
